
Microsoft Visual Studio Solution File, Format Version 12.00
# Visual Studio Version 17
VisualStudioVersion = 17.1.32414.318
MinimumVisualStudioVersion = 10.0.40219.1
Project("{9A19103F-16F7-4668-BE54-9A1E7A4F7556}") = "WebAPI", "WebAPI\WebAPI.csproj", "{0CDC265A-F2F0-4F59-BA75-EC0F5BE98FF2}"
EndProject
Project("{9A19103F-16F7-4668-BE54-9A1E7A4F7556}") = "WebUI", "WebUI\WebUI.csproj", "{ED34B6AE-0292-4656-B745-AE68E59F129C}"
EndProject
Global
	GlobalSection(SolutionConfigurationPlatforms) = preSolution
		Debug|Any CPU = Debug|Any CPU
		Release|Any CPU = Release|Any CPU
	EndGlobalSection
	GlobalSection(ProjectConfigurationPlatforms) = postSolution
		{0CDC265A-F2F0-4F59-BA75-EC0F5BE98FF2}.Debug|Any CPU.ActiveCfg = Debug|Any CPU
		{0CDC265A-F2F0-4F59-BA75-EC0F5BE98FF2}.Debug|Any CPU.Build.0 = Debug|Any CPU
		{0CDC265A-F2F0-4F59-BA75-EC0F5BE98FF2}.Release|Any CPU.ActiveCfg = Release|Any CPU
		{0CDC265A-F2F0-4F59-BA75-EC0F5BE98FF2}.Release|Any CPU.Build.0 = Release|Any CPU
		{ED34B6AE-0292-4656-B745-AE68E59F129C}.Debug|Any CPU.ActiveCfg = Debug|Any CPU
		{ED34B6AE-0292-4656-B745-AE68E59F129C}.Debug|Any CPU.Build.0 = Debug|Any CPU
		{ED34B6AE-0292-4656-B745-AE68E59F129C}.Release|Any CPU.ActiveCfg = Release|Any CPU
		{ED34B6AE-0292-4656-B745-AE68E59F129C}.Release|Any CPU.Build.0 = Release|Any CPU
	EndGlobalSection
	GlobalSection(SolutionProperties) = preSolution
		HideSolutionNode = FALSE
	EndGlobalSection
	GlobalSection(ExtensibilityGlobals) = postSolution
		SolutionGuid = {90C33FA7-FDE7-47E0-9A68-36F064C35E8E}
	EndGlobalSection
EndGlobal
